
Microsoft Visual Studio Solution File, Format Version 12.00
# Visual Studio Version 17
VisualStudioVersion = 17.3.32811.315
MinimumVisualStudioVersion = 10.0.40219.1
Project("{FAE04EC0-301F-11D3-BF4B-00C04F79EFBC}") = "uppgift.2", "uppgift.2\uppgift.2.csproj", "{AD6019BC-5BDD-4931-8FB6-84A4D0817373}"
EndProject
Global
	GlobalSection(SolutionConfigurationPlatforms) = preSolution
		Debug|Any CPU = Debug|Any CPU
		Release|Any CPU = Release|Any CPU
	EndGlobalSection
	GlobalSection(ProjectConfigurationPlatforms) = postSolution
		{AD6019BC-5BDD-4931-8FB6-84A4D0817373}.Debug|Any CPU.ActiveCfg = Debug|Any CPU
		{AD6019BC-5BDD-4931-8FB6-84A4D0817373}.Debug|Any CPU.Build.0 = Debug|Any CPU
		{AD6019BC-5BDD-4931-8FB6-84A4D0817373}.Release|Any CPU.ActiveCfg = Release|Any CPU
		{AD6019BC-5BDD-4931-8FB6-84A4D0817373}.Release|Any CPU.Build.0 = Release|Any CPU
	EndGlobalSection
	GlobalSection(SolutionProperties) = preSolution
		HideSolutionNode = FALSE
	EndGlobalSection
	GlobalSection(ExtensibilityGlobals) = postSolution
		SolutionGuid = {03CDAB81-EB8C-4DE2-8FDD-F441965AFC21}
	EndGlobalSection
EndGlobal
